
Microsoft Visual Studio Solution File, Format Version 12.00
# Visual Studio Version 17
VisualStudioVersion = 17.7.34024.191
MinimumVisualStudioVersion = 10.0.40219.1
Project("{FAE04EC0-301F-11D3-BF4B-00C04F79EFBC}") = "ToDoWebApi", "ToDoWebApi\ToDoWebApi.csproj", "{0B0C2A72-AA83-49F5-81D8-F88C001FE7E5}"
EndProject
Global
	GlobalSection(SolutionConfigurationPlatforms) = preSolution
		Debug|Any CPU = Debug|Any CPU
		Release|Any CPU = Release|Any CPU
	EndGlobalSection
	GlobalSection(ProjectConfigurationPlatforms) = postSolution
		{0B0C2A72-AA83-49F5-81D8-F88C001FE7E5}.Debug|Any CPU.ActiveCfg = Debug|Any CPU
		{0B0C2A72-AA83-49F5-81D8-F88C001FE7E5}.Debug|Any CPU.Build.0 = Debug|Any CPU
		{0B0C2A72-AA83-49F5-81D8-F88C001FE7E5}.Release|Any CPU.ActiveCfg = Release|Any CPU
		{0B0C2A72-AA83-49F5-81D8-F88C001FE7E5}.Release|Any CPU.Build.0 = Release|Any CPU
	EndGlobalSection
	GlobalSection(SolutionProperties) = preSolution
		HideSolutionNode = FALSE
	EndGlobalSection
	GlobalSection(ExtensibilityGlobals) = postSolution
		SolutionGuid = {39323D77-D790-4334-992F-DCA0BF337E90}
	EndGlobalSection
EndGlobal
